
Microsoft Visual Studio Solution File, Format Version 12.00
# Visual Studio Version 17
VisualStudioVersion = 17.14.36221.1
MinimumVisualStudioVersion = 10.0.40219.1
Project("{FAE04EC0-301F-11D3-BF4B-00C04F79EFBC}") = "ProcessoSeletivo_Avaliacao.Server", "ProcessoSeletivo_Avaliacao.Server\ProcessoSeletivo_Avaliacao.Server.csproj", "{F2491BA4-4DD1-4980-AE58-A486EBED854C}"
EndProject
Project("{54A90642-561A-4BB1-A94E-469ADEE60C69}") = "ProcessoSeletivo_Avaliacao.Client", "processoseletivo_avaliacao.client\ProcessoSeletivo_Avaliacao.Client.esproj", "{E79EB121-81B7-1132-7D99-D47BEDD15B5F}"
EndProject
Project("{FAE04EC0-301F-11D3-BF4B-00C04F79EFBC}") = "ProcessoSeletivo_Avaliacao.Tests", "ProcessoSeletivo_Avaliacao.Tests\ProcessoSeletivo_Avaliacao.Tests.csproj", "{7D8EE101-FF4A-40B6-89AD-9F3ABDA78B60}"
EndProject
Project("{2150E333-8FDC-42A3-9474-1A3956D46DE8}") = "Itens de Solução", "Itens de Solução", "{380A7511-A354-6D7A-0CC0-8FA1F1BA7B6C}"
	ProjectSection(SolutionItems) = preProject
		README.md = README.md
	EndProjectSection
EndProject
Global
	GlobalSection(SolutionConfigurationPlatforms) = preSolution
		Debug|Any CPU = Debug|Any CPU
		Release|Any CPU = Release|Any CPU
	EndGlobalSection
	GlobalSection(ProjectConfigurationPlatforms) = postSolution
		{F2491BA4-4DD1-4980-AE58-A486EBED854C}.Debug|Any CPU.ActiveCfg = Debug|Any CPU
		{F2491BA4-4DD1-4980-AE58-A486EBED854C}.Debug|Any CPU.Build.0 = Debug|Any CPU
		{F2491BA4-4DD1-4980-AE58-A486EBED854C}.Release|Any CPU.ActiveCfg = Release|Any CPU
		{F2491BA4-4DD1-4980-AE58-A486EBED854C}.Release|Any CPU.Build.0 = Release|Any CPU
		{E79EB121-81B7-1132-7D99-D47BEDD15B5F}.Debug|Any CPU.ActiveCfg = Debug|Any CPU
		{E79EB121-81B7-1132-7D99-D47BEDD15B5F}.Debug|Any CPU.Build.0 = Debug|Any CPU
		{E79EB121-81B7-1132-7D99-D47BEDD15B5F}.Debug|Any CPU.Deploy.0 = Debug|Any CPU
		{E79EB121-81B7-1132-7D99-D47BEDD15B5F}.Release|Any CPU.ActiveCfg = Release|Any CPU
		{E79EB121-81B7-1132-7D99-D47BEDD15B5F}.Release|Any CPU.Build.0 = Release|Any CPU
		{E79EB121-81B7-1132-7D99-D47BEDD15B5F}.Release|Any CPU.Deploy.0 = Release|Any CPU
		{7D8EE101-FF4A-40B6-89AD-9F3ABDA78B60}.Debug|Any CPU.ActiveCfg = Debug|Any CPU
		{7D8EE101-FF4A-40B6-89AD-9F3ABDA78B60}.Debug|Any CPU.Build.0 = Debug|Any CPU
		{7D8EE101-FF4A-40B6-89AD-9F3ABDA78B60}.Release|Any CPU.ActiveCfg = Release|Any CPU
		{7D8EE101-FF4A-40B6-89AD-9F3ABDA78B60}.Release|Any CPU.Build.0 = Release|Any CPU
	EndGlobalSection
	GlobalSection(SolutionProperties) = preSolution
		HideSolutionNode = FALSE
	EndGlobalSection
	GlobalSection(ExtensibilityGlobals) = postSolution
		SolutionGuid = {BAAB8F7C-B588-4B45-BFF4-22DF0D82A375}
	EndGlobalSection
EndGlobal
